
Microsoft Visual Studio Solution File, Format Version 11.00
# Visual Studio 2010
Project("{FAE04EC0-301F-11D3-BF4B-00C04F79EFBC}") = "Assembly-CSharp", "Assembly-CSharp.csproj", "{4217C3E9-86E2-04F1-5BF2-1C3D7C5A4BCA}"
EndProject
Project("{FAE04EC0-301F-11D3-BF4B-00C04F79EFBC}") = "Assembly-CSharp-Editor", "Assembly-CSharp-Editor.csproj", "{C584670E-8FAE-F75B-D55D-B4B8C464BCB8}"
EndProject
Global
	GlobalSection(SolutionConfigurationPlatforms) = preSolution
		Debug|Any CPU = Debug|Any CPU
		Release|Any CPU = Release|Any CPU
	EndGlobalSection
	GlobalSection(ProjectConfigurationPlatforms) = postSolution
		{4217C3E9-86E2-04F1-5BF2-1C3D7C5A4BCA}.Debug|Any CPU.ActiveCfg = Debug|Any CPU
		{4217C3E9-86E2-04F1-5BF2-1C3D7C5A4BCA}.Debug|Any CPU.Build.0 = Debug|Any CPU
		{4217C3E9-86E2-04F1-5BF2-1C3D7C5A4BCA}.Release|Any CPU.ActiveCfg = Release|Any CPU
		{4217C3E9-86E2-04F1-5BF2-1C3D7C5A4BCA}.Release|Any CPU.Build.0 = Release|Any CPU
		{C584670E-8FAE-F75B-D55D-B4B8C464BCB8}.Debug|Any CPU.ActiveCfg = Debug|Any CPU
		{C584670E-8FAE-F75B-D55D-B4B8C464BCB8}.Debug|Any CPU.Build.0 = Debug|Any CPU
		{C584670E-8FAE-F75B-D55D-B4B8C464BCB8}.Release|Any CPU.ActiveCfg = Release|Any CPU
		{C584670E-8FAE-F75B-D55D-B4B8C464BCB8}.Release|Any CPU.Build.0 = Release|Any CPU
	EndGlobalSection
	GlobalSection(SolutionProperties) = preSolution
		HideSolutionNode = FALSE
	EndGlobalSection
EndGlobal
